Microsoft Visual Studio Solution File, Format Version 12.00
# Visual Studio 2012
Project("{FAE04EC0-301F-11D3-BF4B-00C04F79EFBC}") = "LD49", "LD49.csproj", "{269D35D7-4CB3-40C2-84CC-E9DA12E8FE4C}"
EndProject
Global
	GlobalSection(SolutionConfigurationPlatforms) = preSolution
	Debug|Any CPU = Debug|Any CPU
	ExportDebug|Any CPU = ExportDebug|Any CPU
	ExportRelease|Any CPU = ExportRelease|Any CPU
	EndGlobalSection
	GlobalSection(ProjectConfigurationPlatforms) = postSolution
		{269D35D7-4CB3-40C2-84CC-E9DA12E8FE4C}.Debug|Any CPU.ActiveCfg = Debug|Any CPU
		{269D35D7-4CB3-40C2-84CC-E9DA12E8FE4C}.Debug|Any CPU.Build.0 = Debug|Any CPU
		{269D35D7-4CB3-40C2-84CC-E9DA12E8FE4C}.ExportDebug|Any CPU.ActiveCfg = ExportDebug|Any CPU
		{269D35D7-4CB3-40C2-84CC-E9DA12E8FE4C}.ExportDebug|Any CPU.Build.0 = ExportDebug|Any CPU
		{269D35D7-4CB3-40C2-84CC-E9DA12E8FE4C}.ExportRelease|Any CPU.ActiveCfg = ExportRelease|Any CPU
		{269D35D7-4CB3-40C2-84CC-E9DA12E8FE4C}.ExportRelease|Any CPU.Build.0 = ExportRelease|Any CPU
	EndGlobalSection
EndGlobal
